
Microsoft Visual Studio Solution File, Format Version 12.00
# Visual Studio 15
VisualStudioVersion = 15.0.27703.2035
MinimumVisualStudioVersion = 10.0.40219.1
Project("{FAE04EC0-301F-11D3-BF4B-00C04F79EFBC}") = "AvitoAppConsole", "AvitoAppConsole\AvitoAppConsole.csproj", "{8564C7AB-0435-4824-9DAD-93D233F5DE16}"
EndProject
Global
	GlobalSection(SolutionConfigurationPlatforms) = preSolution
		Debug|Any CPU = Debug|Any CPU
		Release|Any CPU = Release|Any CPU
	EndGlobalSection
	GlobalSection(ProjectConfigurationPlatforms) = postSolution
		{8564C7AB-0435-4824-9DAD-93D233F5DE16}.Debug|Any CPU.ActiveCfg = Debug|Any CPU
		{8564C7AB-0435-4824-9DAD-93D233F5DE16}.Debug|Any CPU.Build.0 = Debug|Any CPU
		{8564C7AB-0435-4824-9DAD-93D233F5DE16}.Release|Any CPU.ActiveCfg = Release|Any CPU
		{8564C7AB-0435-4824-9DAD-93D233F5DE16}.Release|Any CPU.Build.0 = Release|Any CPU
	EndGlobalSection
	GlobalSection(SolutionProperties) = preSolution
		HideSolutionNode = FALSE
	EndGlobalSection
	GlobalSection(ExtensibilityGlobals) = postSolution
		SolutionGuid = {AF6DDE62-30DE-4D22-B1C8-B974B4C12087}
	EndGlobalSection
EndGlobal
